
Microsoft Visual Studio Solution File, Format Version 12.00
Project("{FAE04EC0-301F-11D3-BF4B-00C04F79EFBC}") = "TarasMessanger.Web", "TarasMessanger.Web\TarasMessanger.Web.csproj", "{2DFCA0BD-B76B-4546-AEDE-73D4F985BD04}"
EndProject
Global
	GlobalSection(SolutionConfigurationPlatforms) = preSolution
		Debug|Any CPU = Debug|Any CPU
		Release|Any CPU = Release|Any CPU
	EndGlobalSection
	GlobalSection(ProjectConfigurationPlatforms) = postSolution
		{2DFCA0BD-B76B-4546-AEDE-73D4F985BD04}.Debug|Any CPU.ActiveCfg = Debug|Any CPU
		{2DFCA0BD-B76B-4546-AEDE-73D4F985BD04}.Debug|Any CPU.Build.0 = Debug|Any CPU
		{2DFCA0BD-B76B-4546-AEDE-73D4F985BD04}.Release|Any CPU.ActiveCfg = Release|Any CPU
		{2DFCA0BD-B76B-4546-AEDE-73D4F985BD04}.Release|Any CPU.Build.0 = Release|Any CPU
	EndGlobalSection
EndGlobal
