
Microsoft Visual Studio Solution File, Format Version 12.00
Project("{FAE04EC0-301F-11D3-BF4B-00C04F79EFBC}") = "EFCoreShopReportsTask.Tests", "EFCoreShopReportsTask.Tests\EFCoreShopReportsTask.Tests.csproj", "{EE67F129-86E6-492D-B66A-D609B4110F65}"
EndProject
Project("{FAE04EC0-301F-11D3-BF4B-00C04F79EFBC}") = "EFCoreShopReportsTask", "EFCoreShopReportsTask\EFCoreShopReportsTask.csproj", "{8FC00CD0-DD61-44AF-8D05-6787C5EED5BB}"
EndProject
Global
	GlobalSection(SolutionConfigurationPlatforms) = preSolution
		Debug|Any CPU = Debug|Any CPU
		Release|Any CPU = Release|Any CPU
	EndGlobalSection
	GlobalSection(ProjectConfigurationPlatforms) = postSolution
		{EE67F129-86E6-492D-B66A-D609B4110F65}.Debug|Any CPU.ActiveCfg = Debug|Any CPU
		{EE67F129-86E6-492D-B66A-D609B4110F65}.Debug|Any CPU.Build.0 = Debug|Any CPU
		{EE67F129-86E6-492D-B66A-D609B4110F65}.Release|Any CPU.ActiveCfg = Release|Any CPU
		{EE67F129-86E6-492D-B66A-D609B4110F65}.Release|Any CPU.Build.0 = Release|Any CPU
		{8FC00CD0-DD61-44AF-8D05-6787C5EED5BB}.Debug|Any CPU.ActiveCfg = Debug|Any CPU
		{8FC00CD0-DD61-44AF-8D05-6787C5EED5BB}.Debug|Any CPU.Build.0 = Debug|Any CPU
		{8FC00CD0-DD61-44AF-8D05-6787C5EED5BB}.Release|Any CPU.ActiveCfg = Release|Any CPU
		{8FC00CD0-DD61-44AF-8D05-6787C5EED5BB}.Release|Any CPU.Build.0 = Release|Any CPU
	EndGlobalSection
EndGlobal
